
Microsoft Visual Studio Solution File, Format Version 12.00
# Visual Studio Version 17
VisualStudioVersion = 17.10.35013.160
MinimumVisualStudioVersion = 10.0.40219.1
Project("{FAE04EC0-301F-11D3-BF4B-00C04F79EFBC}") = "20251112 Library System", "20251112 Library System\20251112 Library System.csproj", "{DB03EF30-2468-4199-B28D-C039ACD0908C}"
EndProject
Global
	GlobalSection(SolutionConfigurationPlatforms) = preSolution
		Debug|Any CPU = Debug|Any CPU
		Release|Any CPU = Release|Any CPU
	EndGlobalSection
	GlobalSection(ProjectConfigurationPlatforms) = postSolution
		{DB03EF30-2468-4199-B28D-C039ACD0908C}.Debug|Any CPU.ActiveCfg = Debug|Any CPU
		{DB03EF30-2468-4199-B28D-C039ACD0908C}.Debug|Any CPU.Build.0 = Debug|Any CPU
		{DB03EF30-2468-4199-B28D-C039ACD0908C}.Release|Any CPU.ActiveCfg = Release|Any CPU
		{DB03EF30-2468-4199-B28D-C039ACD0908C}.Release|Any CPU.Build.0 = Release|Any CPU
	EndGlobalSection
	GlobalSection(SolutionProperties) = preSolution
		HideSolutionNode = FALSE
	EndGlobalSection
	GlobalSection(ExtensibilityGlobals) = postSolution
		SolutionGuid = {7AE1A7B8-281D-47EF-B766-96D5EFF5EEE3}
	EndGlobalSection
EndGlobal
